
Microsoft Visual Studio Solution File, Format Version 12.00
# Visual Studio Version 17
VisualStudioVersion = 17.3.32922.545
MinimumVisualStudioVersion = 10.0.40219.1
Project("{9A19103F-16F7-4668-BE54-9A1E7A4F7556}") = "Stage0", "Stage0\Stage0.csproj", "{B861FC64-65FB-4D86-B3B5-02C5006375A3}"
EndProject
Project("{2150E333-8FDC-42A3-9474-1A3956D46DE8}") = "Solution Items", "Solution Items", "{79DAE114-F57A-464D-A4CB-6DA51B480316}"
	ProjectSection(SolutionItems) = preProject
		README.md = README.md
	EndProjectSection
EndProject
Project("{9A19103F-16F7-4668-BE54-9A1E7A4F7556}") = "DalFacade", "DalFacade\DalFacade.csproj", "{37643DD9-873F-48A7-9D7A-65CE88689421}"
EndProject
Project("{9A19103F-16F7-4668-BE54-9A1E7A4F7556}") = "DalList", "DalList\DalList.csproj", "{23C470DF-2C77-4A64-B11B-9691CFFCEE49}"
EndProject
Project("{9A19103F-16F7-4668-BE54-9A1E7A4F7556}") = "DalTest", "DalTest\DalTest.csproj", "{207784BF-7E07-4AD1-94B6-6707320D8B94}"
EndProject
Project("{FAE04EC0-301F-11D3-BF4B-00C04F79EFBC}") = "BL", "BL\BL.csproj", "{164C007B-7ECB-4BB2-9708-A0A9358A3FEA}"
EndProject
Project("{FAE04EC0-301F-11D3-BF4B-00C04F79EFBC}") = "BlTest", "BlTest\BlTest.csproj", "{67588123-68D8-483A-ADE9-2AE406E692CC}"
EndProject
Global
	GlobalSection(SolutionConfigurationPlatforms) = preSolution
		Debug|Any CPU = Debug|Any CPU
		Release|Any CPU = Release|Any CPU
	EndGlobalSection
	GlobalSection(ProjectConfigurationPlatforms) = postSolution
		{B861FC64-65FB-4D86-B3B5-02C5006375A3}.Debug|Any CPU.ActiveCfg = Debug|Any CPU
		{B861FC64-65FB-4D86-B3B5-02C5006375A3}.Debug|Any CPU.Build.0 = Debug|Any CPU
		{B861FC64-65FB-4D86-B3B5-02C5006375A3}.Release|Any CPU.ActiveCfg = Release|Any CPU
		{B861FC64-65FB-4D86-B3B5-02C5006375A3}.Release|Any CPU.Build.0 = Release|Any CPU
		{37643DD9-873F-48A7-9D7A-65CE88689421}.Debug|Any CPU.ActiveCfg = Debug|Any CPU
		{37643DD9-873F-48A7-9D7A-65CE88689421}.Debug|Any CPU.Build.0 = Debug|Any CPU
		{37643DD9-873F-48A7-9D7A-65CE88689421}.Release|Any CPU.ActiveCfg = Release|Any CPU
		{37643DD9-873F-48A7-9D7A-65CE88689421}.Release|Any CPU.Build.0 = Release|Any CPU
		{23C470DF-2C77-4A64-B11B-9691CFFCEE49}.Debug|Any CPU.ActiveCfg = Debug|Any CPU
		{23C470DF-2C77-4A64-B11B-9691CFFCEE49}.Debug|Any CPU.Build.0 = Debug|Any CPU
		{23C470DF-2C77-4A64-B11B-9691CFFCEE49}.Release|Any CPU.ActiveCfg = Release|Any CPU
		{23C470DF-2C77-4A64-B11B-9691CFFCEE49}.Release|Any CPU.Build.0 = Release|Any CPU
		{207784BF-7E07-4AD1-94B6-6707320D8B94}.Debug|Any CPU.ActiveCfg = Debug|Any CPU
		{207784BF-7E07-4AD1-94B6-6707320D8B94}.Debug|Any CPU.Build.0 = Debug|Any CPU
		{207784BF-7E07-4AD1-94B6-6707320D8B94}.Release|Any CPU.ActiveCfg = Release|Any CPU
		{207784BF-7E07-4AD1-94B6-6707320D8B94}.Release|Any CPU.Build.0 = Release|Any CPU
		{164C007B-7ECB-4BB2-9708-A0A9358A3FEA}.Debug|Any CPU.ActiveCfg = Debug|Any CPU
		{164C007B-7ECB-4BB2-9708-A0A9358A3FEA}.Debug|Any CPU.Build.0 = Debug|Any CPU
		{164C007B-7ECB-4BB2-9708-A0A9358A3FEA}.Release|Any CPU.ActiveCfg = Release|Any CPU
		{164C007B-7ECB-4BB2-9708-A0A9358A3FEA}.Release|Any CPU.Build.0 = Release|Any CPU
		{67588123-68D8-483A-ADE9-2AE406E692CC}.Debug|Any CPU.ActiveCfg = Debug|Any CPU
		{67588123-68D8-483A-ADE9-2AE406E692CC}.Debug|Any CPU.Build.0 = Debug|Any CPU
		{67588123-68D8-483A-ADE9-2AE406E692CC}.Release|Any CPU.ActiveCfg = Release|Any CPU
		{67588123-68D8-483A-ADE9-2AE406E692CC}.Release|Any CPU.Build.0 = Release|Any CPU
	EndGlobalSection
	GlobalSection(SolutionProperties) = preSolution
		HideSolutionNode = FALSE
	EndGlobalSection
	GlobalSection(ExtensibilityGlobals) = postSolution
		SolutionGuid = {0238F44C-C71D-4A6D-AA1B-B06BD52FD0C1}
	EndGlobalSection
EndGlobal
